
Microsoft Visual Studio Solution File, Format Version 12.00
# Visual Studio Version 17
VisualStudioVersion = 17.0.31903.59
MinimumVisualStudioVersion = 10.0.40219.1
Project("{FAE04EC0-301F-11D3-BF4B-00C04F79EFBC}") = "Kael.Api", "Kael.Api\Kael.Api.csproj", "{B1D5674F-30FE-4EFC-8A93-AAE58218BD30}"
EndProject
Global
	GlobalSection(SolutionConfigurationPlatforms) = preSolution
		Debug|Any CPU = Debug|Any CPU
		Release|Any CPU = Release|Any CPU
	EndGlobalSection
	GlobalSection(SolutionProperties) = preSolution
		HideSolutionNode = FALSE
	EndGlobalSection
	GlobalSection(ProjectConfigurationPlatforms) = postSolution
		{B1D5674F-30FE-4EFC-8A93-AAE58218BD30}.Debug|Any CPU.ActiveCfg = Debug|Any CPU
		{B1D5674F-30FE-4EFC-8A93-AAE58218BD30}.Debug|Any CPU.Build.0 = Debug|Any CPU
		{B1D5674F-30FE-4EFC-8A93-AAE58218BD30}.Release|Any CPU.ActiveCfg = Release|Any CPU
		{B1D5674F-30FE-4EFC-8A93-AAE58218BD30}.Release|Any CPU.Build.0 = Release|Any CPU
	EndGlobalSection
EndGlobal
